{
  "version": 4,
  "terraform_version": "1.9.7",
  "serial": 24,
  "lineage": "87973e57-6073-346b-77e2-949575444d04",
  "outputs": {
    "instance_ips": {
      "value": [
        "3.89.157.36",
        "34.229.170.228"
      ],
      "type": [
        "tuple",
        [
          "string",
          "string"
        ]
      ]
    }
  },
  "resources": [
    {
      "mode": "managed",
      "type": "aws_key_pair",
      "name": "new_key_pair",
      "provider": "provider[\"registry.terraform.io/hashicorp/aws\"]",
      "instances": [
        {
          "schema_version": 1,
          "attributes": {
            "arn": "arn:aws:ec2:us-east-1:314146331566:key-pair/wsl",
            "fingerprint": "20:ff:f5:7c:f0:2f:2e:23:96:1f:b7:d9:c8:c6:7d:ef",
            "id": "wsl",
            "key_name": "wsl",
            "key_name_prefix": "",
            "key_pair_id": "key-08ab2fbd56ef0e52b",
            "key_type": "rsa",
            "public_key": "ssh-rsa AAAAB3NzaC1yc2EAAAADAQABAAABAQDKCItoyLmemsVxKUbjkxbelS8huX0evq4iT9j0FLpS0keBtUjIRdwQMhjHHn3VTt5NW2oSiEQxQ8FKPNYnWfxdFRiKMSevduwaKVICyUQPQFK+0h5+dpkWNvkCgW8zRH1LRMU55XOWOGGecRonhO7JSnDBbHfcf7lxw+R0zDM2+sfVzG+usG2cN63aFoCfVCGpAx9/rqu9S3KGxD5FYA7BBKRo6rhKylA2yOL+vZmMJcfCy61B7TLWS8/6No9niVYdI3RtDVSZ/YcWWvHroVO2fIOp48aYw1bJDteZBD+ikIagZDSs51ic/Nkm+avo4UH9CSKPBLEDOBzPgjlNxpX1",
            "tags": {},
            "tags_all": {}
          },
          "sensitive_attributes": [],
          "private": "eyJzY2hlbWFfdmVyc2lvbiI6IjEifQ=="
        }
      ]
    }
  ],
  "check_results": null
}
